
Microsoft Visual Studio Solution File, Format Version 12.00
# Visual Studio Version 17
VisualStudioVersion = 17.0.31912.275
MinimumVisualStudioVersion = 10.0.40219.1
Project("{FAE04EC0-301F-11D3-BF4B-00C04F79EFBC}") = "BasicWebServer.Demo", "BasicWebServer\BasicWebServer.Demo.csproj", "{A48F9333-46C9-45A8-92EA-6880DFBFA66B}"
EndProject
Project("{FAE04EC0-301F-11D3-BF4B-00C04F79EFBC}") = "BasicWebServer.Serverr", "BasicWebServer.Serverr\BasicWebServer.Serverr.csproj", "{0EECF0E5-D4ED-4EFC-A8F3-6D13DBD32879}"
EndProject
Global
	GlobalSection(SolutionConfigurationPlatforms) = preSolution
		Debug|Any CPU = Debug|Any CPU
		Release|Any CPU = Release|Any CPU
	EndGlobalSection
	GlobalSection(ProjectConfigurationPlatforms) = postSolution
		{A48F9333-46C9-45A8-92EA-6880DFBFA66B}.Debug|Any CPU.ActiveCfg = Debug|Any CPU
		{A48F9333-46C9-45A8-92EA-6880DFBFA66B}.Debug|Any CPU.Build.0 = Debug|Any CPU
		{A48F9333-46C9-45A8-92EA-6880DFBFA66B}.Release|Any CPU.ActiveCfg = Release|Any CPU
		{A48F9333-46C9-45A8-92EA-6880DFBFA66B}.Release|Any CPU.Build.0 = Release|Any CPU
		{0EECF0E5-D4ED-4EFC-A8F3-6D13DBD32879}.Debug|Any CPU.ActiveCfg = Debug|Any CPU
		{0EECF0E5-D4ED-4EFC-A8F3-6D13DBD32879}.Debug|Any CPU.Build.0 = Debug|Any CPU
		{0EECF0E5-D4ED-4EFC-A8F3-6D13DBD32879}.Release|Any CPU.ActiveCfg = Release|Any CPU
		{0EECF0E5-D4ED-4EFC-A8F3-6D13DBD32879}.Release|Any CPU.Build.0 = Release|Any CPU
	EndGlobalSection
	GlobalSection(SolutionProperties) = preSolution
		HideSolutionNode = FALSE
	EndGlobalSection
	GlobalSection(ExtensibilityGlobals) = postSolution
		SolutionGuid = {845D0CF4-56B5-488D-9BE7-ADAC1ABB640F}
	EndGlobalSection
EndGlobal
