
Microsoft Visual Studio Solution File, Format Version 12.00
# Visual Studio Version 17
VisualStudioVersion = 17.0.31912.275
MinimumVisualStudioVersion = 10.0.40219.1
Project("{FAE04EC0-301F-11D3-BF4B-00C04F79EFBC}") = "ChronometerAS", "Chronometer\ChronometerAS.csproj", "{D4DEDE14-470D-49A7-B181-DF07208475AB}"
EndProject
Global
	GlobalSection(SolutionConfigurationPlatforms) = preSolution
		Debug|Any CPU = Debug|Any CPU
		Release|Any CPU = Release|Any CPU
	EndGlobalSection
	GlobalSection(ProjectConfigurationPlatforms) = postSolution
		{D4DEDE14-470D-49A7-B181-DF07208475AB}.Debug|Any CPU.ActiveCfg = Debug|Any CPU
		{D4DEDE14-470D-49A7-B181-DF07208475AB}.Debug|Any CPU.Build.0 = Debug|Any CPU
		{D4DEDE14-470D-49A7-B181-DF07208475AB}.Release|Any CPU.ActiveCfg = Release|Any CPU
		{D4DEDE14-470D-49A7-B181-DF07208475AB}.Release|Any CPU.Build.0 = Release|Any CPU
	EndGlobalSection
	GlobalSection(SolutionProperties) = preSolution
		HideSolutionNode = FALSE
	EndGlobalSection
	GlobalSection(ExtensibilityGlobals) = postSolution
		SolutionGuid = {5F4B886F-8A5D-4756-8E9B-F60401248FB0}
	EndGlobalSection
EndGlobal
